// !$*UTF8*$!
{
	archiveVersion = 1;
	classes = {
	};
	objectVersion = 48;
	objects = {

/* Begin PBXBuildFile section */
		30AC0C6E204B78C00030C396 /* AppDelegate.swift in Sources */ = {isa = PBXBuildFile; fileRef = 30AC0C6D204B78C00030C396 /* AppDelegate.swift */; };
		30AC0C70204B78C00030C396 /* ViewController.swift in Sources */ = {isa = PBXBuildFile; fileRef = 30AC0C6F204B78C00030C396 /* ViewController.swift */; };
		30AC0C73204B78C00030C396 /* Main.storyboard in Resources */ = {isa = PBXBuildFile; fileRef = 30AC0C71204B78C00030C396 /* Main.storyboard */; };
		30AC0C75204B78C00030C396 /* Assets.xcassets in Resources */ = {isa = PBXBuildFile; fileRef = 30AC0C74204B78C00030C396 /* Assets.xcassets */; };
		30AC0C78204B78C00030C396 /* LaunchScreen.storyboard in Resources */ = {isa = PBXBuildFile; fileRef = 30AC0C76204B78C00030C396 /* LaunchScreen.storyboard */; };
		30AC0C83204B78C10030C396 /* ShiftTrackerTests.swift in Sources */ = {isa = PBXBuildFile; fileRef = 30AC0C82204B78C10030C396 /* ShiftTrackerTests.swift */; };
		70AD08DD35CAF411E9F90814 /* Pods_ShiftTracker.framework in Frameworks */ = {isa = PBXBuildFile; fileRef = 5B835EC9DA9FD39A0E745C90 /* Pods_ShiftTracker.framework */; };
		F826855532A0CB9D46651B74 /* Pods_ShiftTrackerTests.framework in Frameworks */ = {isa = PBXBuildFile; fileRef = 54F3DE121F1DBF13B64E1DD9 /* Pods_ShiftTrackerTests.framework */; };
/* End PBXBuildFile section */

/* Begin PBXContainerItemProxy section */
		30AC0C7F204B78C10030C396 /* PBXContainerItemProxy */ = {
			isa = PBXContainerItemProxy;
			containerPortal = 30AC0C62204B78C00030C396 /* Project object */;
			proxyType = 1;
			remoteGlobalIDString = 30AC0C69204B78C00030C396;
			remoteInfo = ShiftTracker;
		};
/* End PBXContainerItemProxy section */

/* Begin PBXFileReference section */
		120F166F69CDE012C4446406 /* Pods-ShiftTrackerTests.debug.xcconfig */ = {isa = PBXFileReference; includeInIndex = 1; lastKnownFileType = text.xcconfig; name = "Pods-ShiftTrackerTests.debug.xcconfig"; path = "Pods/Target Support Files/Pods-ShiftTrackerTests/Pods-ShiftTrackerTests.debug.xcconfig"; sourceTree = "<group>"; };
		30AC0C6A204B78C00030C396 /* ShiftTracker.app */ = {isa = PBXFileReference; explicitFileType = wrapper.application; includeInIndex = 0; path = ShiftTracker.app; sourceTree = BUILT_PRODUCTS_DIR; };
		30AC0C6D204B78C00030C396 /* AppDelegate.swift */ = {isa = PBXFileReference; lastKnownFileType = sourcecode.swift; path = AppDelegate.swift; sourceTree = "<group>"; };
		30AC0C6F204B78C00030C396 /* ViewController.swift */ = {isa = PBXFileReference; lastKnownFileType = sourcecode.swift; path = ViewController.swift; sourceTree = "<group>"; };
		30AC0C72204B78C00030C396 /* Base */ = {isa = PBXFileReference; lastKnownFileType = file.storyboard; name = Base; path = Base.lproj/Main.storyboard; sourceTree = "<group>"; };
		30AC0C74204B78C00030C396 /* Assets.xcassets */ = {isa = PBXFileReference; lastKnownFileType = folder.assetcatalog; path = Assets.xcassets; sourceTree = "<group>"; };
		30AC0C77204B78C00030C396 /* Base */ = {isa = PBXFileReference; lastKnownFileType = file.storyboard; name = Base; path = Base.lproj/LaunchScreen.storyboard; sourceTree = "<group>"; };
		30AC0C79204B78C10030C396 /* Info.plist */ = {isa = PBXFileReference; lastKnownFileType = text.plist.xml; path = Info.plist; sourceTree = "<group>"; };
		30AC0C7E204B78C10030C396 /* ShiftTrackerTests.xctest */ = {isa = PBXFileReference; explicitFileType = wrapper.cfbundle; includeInIndex = 0; path = ShiftTrackerTests.xctest; sourceTree = BUILT_PRODUCTS_DIR; };
		30AC0C82204B78C10030C396 /* ShiftTrackerTests.swift */ = {isa = PBXFileReference; lastKnownFileType = sourcecode.swift; path = ShiftTrackerTests.swift; sourceTree = "<group>"; };
		30AC0C84204B78C10030C396 /* Info.plist */ = {isa = PBXFileReference; lastKnownFileType = text.plist.xml; path = Info.plist; sourceTree = "<group>"; };
		54F3DE121F1DBF13B64E1DD9 /* Pods_ShiftTrackerTests.framework */ = {isa = PBXFileReference; explicitFileType = wrapper.framework; includeInIndex = 0; path = Pods_ShiftTrackerTests.framework; sourceTree = BUILT_PRODUCTS_DIR; };
		5B835EC9DA9FD39A0E745C90 /* Pods_ShiftTracker.framework */ = {isa = PBXFileReference; explicitFileType = wrapper.framework; includeInIndex = 0; path = Pods_ShiftTracker.framework; sourceTree = BUILT_PRODUCTS_DIR; };
		78B60E56F7E408A17F9152B9 /* Pods-ShiftTracker.debug.xcconfig */ = {isa = PBXFileReference; includeInIndex = 1; lastKnownFileType = text.xcconfig; name = "Pods-ShiftTracker.debug.xcconfig"; path = "Pods/Target Support Files/Pods-ShiftTracker/Pods-ShiftTracker.debug.xcconfig"; sourceTree = "<group>"; };
		AFFB9BAD88A7163F7ED2934A /* Pods-ShiftTracker.release.xcconfig */ = {isa = PBXFileReference; includeInIndex = 1; lastKnownFileType = text.xcconfig; name = "Pods-ShiftTracker.release.xcconfig"; path = "Pods/Target Support Files/Pods-ShiftTracker/Pods-ShiftTracker.release.xcconfig"; sourceTree = "<group>"; };
		BF8989708E77A14C9F0661B5 /* Pods-ShiftTrackerTests.release.xcconfig */ = {isa = PBXFileReference; includeInIndex = 1; lastKnownFileType = text.xcconfig; name = "Pods-ShiftTrackerTests.release.xcconfig"; path = "Pods/Target Support Files/Pods-ShiftTrackerTests/Pods-ShiftTrackerTests.release.xcconfig"; sourceTree = "<group>"; };
/* End PBXFileReference section */

/* Begin PBXFrameworksBuildPhase section */
		30AC0C67204B78C00030C396 /* Frameworks */ = {
			isa = PBXFrameworksBuildPhase;
			buildActionMask = 2147483647;
			files = (
				70AD08DD35CAF411E9F90814 /* Pods_ShiftTracker.framework in Frameworks */,
			);
			runOnlyForDeploymentPostprocessing = 0;
		};
		30AC0C7B204B78C10030C396 /* Frameworks */ = {
			isa = PBXFrameworksBuildPhase;
			buildActionMask = 2147483647;
			files = (
				F826855532A0CB9D46651B74 /* Pods_ShiftTrackerTests.framework in Frameworks */,
			);
			runOnlyForDeploymentPostprocessing = 0;
		};
/* End PBXFrameworksBuildPhase section */

/* Begin PBXGroup section */
		30AC0C61204B78C00030C396 = {
			isa = PBXGroup;
			children = (
				30AC0C6C204B78C00030C396 /* ShiftTracker */,
				30AC0C81204B78C10030C396 /* ShiftTrackerTests */,
				30AC0C6B204B78C00030C396 /* Products */,
				3F73CBD78027FAF57FB1A872 /* Pods */,
				79C06F7D46D5F07D2EDE2BBA /* Frameworks */,
			);
			sourceTree = "<group>";
		};
		30AC0C6B204B78C00030C396 /* Products */ = {
			isa = PBXGroup;
			children = (
				30AC0C6A204B78C00030C396 /* ShiftTracker.app */,
				30AC0C7E204B78C10030C396 /* ShiftTrackerTests.xctest */,
			);
			name = Products;
			sourceTree = "<group>";
		};
		30AC0C6C204B78C00030C396 /* ShiftTracker */ = {
			isa = PBXGroup;
			children = (
				30AC0C6D204B78C00030C396 /* AppDelegate.swift */,
				30AC0C6F204B78C00030C396 /* ViewController.swift */,
				30AC0C71204B78C00030C396 /* Main.storyboard */,
				30AC0C74204B78C00030C396 /* Assets.xcassets */,
				30AC0C76204B78C00030C396 /* LaunchScreen.storyboard */,
				30AC0C79204B78C10030C396 /* Info.plist */,
			);
			path = ShiftTracker;
			sourceTree = "<group>";
		};
		30AC0C81204B78C10030C396 /* ShiftTrackerTests */ = {
			isa = PBXGroup;
			children = (
				30AC0C82204B78C10030C396 /* ShiftTrackerTests.swift */,
				30AC0C84204B78C10030C396 /* Info.plist */,
			);
			path = ShiftTrackerTests;
			sourceTree = "<group>";
		};
		3F73CBD78027FAF57FB1A872 /* Pods */ = {
			isa = PBXGroup;
			children = (
				78B60E56F7E408A17F9152B9 /* Pods-ShiftTracker.debug.xcconfig */,
				AFFB9BAD88A7163F7ED2934A /* Pods-ShiftTracker.release.xcconfig */,
				120F166F69CDE012C4446406 /* Pods-ShiftTrackerTests.debug.xcconfig */,
				BF8989708E77A14C9F0661B5 /* Pods-ShiftTrackerTests.release.xcconfig */,
			);
			name = Pods;
			sourceTree = "<group>";
		};
		79C06F7D46D5F07D2EDE2BBA /* Frameworks */ = {
			isa = PBXGroup;
			children = (
				5B835EC9DA9FD39A0E745C90 /* Pods_ShiftTracker.framework */,
				54F3DE121F1DBF13B64E1DD9 /* Pods_ShiftTrackerTests.framework */,
			);
			name = Frameworks;
			sourceTree = "<group>";
		};
/* End PBXGroup section */

/* Begin PBXNativeTarget section */
		30AC0C69204B78C00030C396 /* ShiftTracker */ = {
			isa = PBXNativeTarget;
			buildConfigurationList = 30AC0C87204B78C10030C396 /* Build configuration list for PBXNativeTarget "ShiftTracker" */;
			buildPhases = (
				EC632B05449838A9FBDCF326 /* [CP] Check Pods Manifest.lock */,
				30AC0C66204B78C00030C396 /* Sources */,
				30AC0C67204B78C00030C396 /* Frameworks */,
				30AC0C68204B78C00030C396 /* Resources */,
				2E49C6ECA5F1A95AB871407C /* [CP] Embed Pods Frameworks */,
				DF203025A81DDFFA11C797B4 /* [CP] Copy Pods Resources */,
			);
			buildRules = (
			);
			dependencies = (
			);
			name = ShiftTracker;
			productName = ShiftTracker;
			productReference = 30AC0C6A204B78C00030C396 /* ShiftTracker.app */;
			productType = "com.apple.product-type.application";
		};
		30AC0C7D204B78C10030C396 /* ShiftTrackerTests */ = {
			isa = PBXNativeTarget;
			buildConfigurationList = 30AC0C8A204B78C10030C396 /* Build configuration list for PBXNativeTarget "ShiftTrackerTests" */;
			buildPhases = (
				E542891D071A3FC49E151F53 /* [CP] Check Pods Manifest.lock */,
				30AC0C7A204B78C10030C396 /* Sources */,
				30AC0C7B204B78C10030C396 /* Frameworks */,
				30AC0C7C204B78C10030C396 /* Resources */,
				CFCEBCC2BE59452B3624336C /* [CP] Embed Pods Frameworks */,
				2FB8E59722070358776B5620 /* [CP] Copy Pods Resources */,
			);
			buildRules = (
			);
			dependencies = (
				30AC0C80204B78C10030C396 /* PBXTargetDependency */,
			);
			name = ShiftTrackerTests;
			productName = ShiftTrackerTests;
			productReference = 30AC0C7E204B78C10030C396 /* ShiftTrackerTests.xctest */;
			productType = "com.apple.product-type.bundle.unit-test";
		};
/* End PBXNativeTarget section */

/* Begin PBXProject section */
		30AC0C62204B78C00030C396 /* Project object */ = {
			isa = PBXProject;
			attributes = {
				LastSwiftUpdateCheck = 0920;
				LastUpgradeCheck = 0920;
				ORGANIZATIONNAME = Deputy;
				TargetAttributes = {
					30AC0C69204B78C00030C396 = {
						CreatedOnToolsVersion = 9.2;
						ProvisioningStyle = Automatic;
					};
					30AC0C7D204B78C10030C396 = {
						CreatedOnToolsVersion = 9.2;
						ProvisioningStyle = Automatic;
						TestTargetID = 30AC0C69204B78C00030C396;
					};
				};
			};
			buildConfigurationList = 30AC0C65204B78C00030C396 /* Build configuration list for PBXProject "ShiftTracker" */;
			compatibilityVersion = "Xcode 8.0";
			developmentRegion = en;
			hasScannedForEncodings = 0;
			knownRegions = (
				en,
				Base,
			);
			mainGroup = 30AC0C61204B78C00030C396;
			productRefGroup = 30AC0C6B204B78C00030C396 /* Products */;
			projectDirPath = "";
			projectRoot = "";
			targets = (
				30AC0C69204B78C00030C396 /* ShiftTracker */,
				30AC0C7D204B78C10030C396 /* ShiftTrackerTests */,
			);
		};
/* End PBXProject section */

/* Begin PBXResourcesBuildPhase section */
		30AC0C68204B78C00030C396 /* Resources */ = {
			isa = PBXResourcesBuildPhase;
			buildActionMask = 2147483647;
			files = (
				30AC0C78204B78C00030C396 /* LaunchScreen.storyboard in Resources */,
				30AC0C75204B78C00030C396 /* Assets.xcassets in Resources */,
				30AC0C73204B78C00030C396 /* Main.storyboard in Resources */,
			);
			runOnlyForDeploymentPostprocessing = 0;
		};
		30AC0C7C204B78C10030C396 /* Resources */ = {
			isa = PBXResourcesBuildPhase;
			buildActionMask = 2147483647;
			files = (
			);
			runOnlyForDeploymentPostprocessing = 0;
		};
/* End PBXResourcesBuildPhase section */

/* Begin PBXShellScriptBuildPhase section */
		2E49C6ECA5F1A95AB871407C /* [CP] Embed Pods Frameworks */ = {
			isa = PBXShellScriptBuildPhase;
			buildActionMask = 2147483647;
			files = (
			);
			inputPaths = (
				"${SRCROOT}/Pods/Target Support Files/Pods-ShiftTracker/Pods-ShiftTracker-frameworks.sh",
				"${BUILT_PRODUCTS_DIR}/Alamofire/Alamofire.framework",
			);
			name = "[CP] Embed Pods Frameworks";
			outputPaths = (
				"${TARGET_BUILD_DIR}/${FRAMEWORKS_FOLDER_PATH}/Alamofire.framework",
			);
			runOnlyForDeploymentPostprocessing = 0;
			shellPath = /bin/sh;
			shellScript = "\"${SRCROOT}/Pods/Target Support Files/Pods-ShiftTracker/Pods-ShiftTracker-frameworks.sh\"\n";
			showEnvVarsInLog = 0;
		};
		2FB8E59722070358776B5620 /* [CP] Copy Pods Resources */ = {
			isa = PBXShellScriptBuildPhase;
			buildActionMask = 2147483647;
			files = (
			);
			inputPaths = (
			);
			name = "[CP] Copy Pods Resources";
			outputPaths = (
			);
			runOnlyForDeploymentPostprocessing = 0;
			shellPath = /bin/sh;
			shellScript = "\"${SRCROOT}/Pods/Target Support Files/Pods-ShiftTrackerTests/Pods-ShiftTrackerTests-resources.sh\"\n";
			showEnvVarsInLog = 0;
		};
		CFCEBCC2BE59452B3624336C /* [CP] Embed Pods Frameworks */ = {
			isa = PBXShellScriptBuildPhase;
			buildActionMask = 2147483647;
			files = (
			);
			inputPaths = (
			);
			name = "[CP] Embed Pods Frameworks";
			outputPaths = (
			);
			runOnlyForDeploymentPostprocessing = 0;
			shellPath = /bin/sh;
			shellScript = "\"${SRCROOT}/Pods/Target Support Files/Pods-ShiftTrackerTests/Pods-ShiftTrackerTests-frameworks.sh\"\n";
			showEnvVarsInLog = 0;
		};
		DF203025A81DDFFA11C797B4 /* [CP] Copy Pods Resources */ = {
			isa = PBXShellScriptBuildPhase;
			buildActionMask = 2147483647;
			files = (
			);
			inputPaths = (
			);
			name = "[CP] Copy Pods Resources";
			outputPaths = (
			);
			runOnlyForDeploymentPostprocessing = 0;
			shellPath = /bin/sh;
			shellScript = "\"${SRCROOT}/Pods/Target Support Files/Pods-ShiftTracker/Pods-ShiftTracker-resources.sh\"\n";
			showEnvVarsInLog = 0;
		};
		E542891D071A3FC49E151F53 /* [CP] Check Pods Manifest.lock */ = {
			isa = PBXShellScriptBuildPhase;
			buildActionMask = 2147483647;
			files = (
			);
			inputPaths = (
				"${PODS_PODFILE_DIR_PATH}/Podfile.lock",
				"${PODS_ROOT}/Manifest.lock",
			);
			name = "[CP] Check Pods Manifest.lock";
			outputPaths = (
				"$(DERIVED_FILE_DIR)/Pods-ShiftTrackerTests-checkManifestLockResult.txt",
			);
			runOnlyForDeploymentPostprocessing = 0;
			shellPath = /bin/sh;
			shellScript = "diff \"${PODS_PODFILE_DIR_PATH}/Podfile.lock\" \"${PODS_ROOT}/Manifest.lock\" > /dev/null\nif [ $? != 0 ] ; then\n    # print error to STDERR\n    echo \"error: The sandbox is not in sync with the Podfile.lock. Run 'pod install' or update your CocoaPods installation.\" >&2\n    exit 1\nfi\n# This output is used by Xcode 'outputs' to avoid re-running this script phase.\necho \"SUCCESS\" > \"${SCRIPT_OUTPUT_FILE_0}\"\n";
			showEnvVarsInLog = 0;
		};
		EC632B05449838A9FBDCF326 /* [CP] Check Pods Manifest.lock */ = {
			isa = PBXShellScriptBuildPhase;
			buildActionMask = 2147483647;
			files = (
			);
			inputPaths = (
				"${PODS_PODFILE_DIR_PATH}/Podfile.lock",
				"${PODS_ROOT}/Manifest.lock",
			);
			name = "[CP] Check Pods Manifest.lock";
			outputPaths = (
				"$(DERIVED_FILE_DIR)/Pods-ShiftTracker-checkManifestLockResult.txt",
			);
			runOnlyForDeploymentPostprocessing = 0;
			shellPath = /bin/sh;
			shellScript = "diff \"${PODS_PODFILE_DIR_PATH}/Podfile.lock\" \"${PODS_ROOT}/Manifest.lock\" > /dev/null\nif [ $? != 0 ] ; then\n    # print error to STDERR\n    echo \"error: The sandbox is not in sync with the Podfile.lock. Run 'pod install' or update your CocoaPods installation.\" >&2\n    exit 1\nfi\n# This output is used by Xcode 'outputs' to avoid re-running this script phase.\necho \"SUCCESS\" > \"${SCRIPT_OUTPUT_FILE_0}\"\n";
			showEnvVarsInLog = 0;
		};
/* End PBXShellScriptBuildPhase section */

/* Begin PBXSourcesBuildPhase section */
		30AC0C66204B78C00030C396 /* Sources */ = {
			isa = PBXSourcesBuildPhase;
			buildActionMask = 2147483647;
			files = (
				30AC0C70204B78C00030C396 /* ViewController.swift in Sources */,
				30AC0C6E204B78C00030C396 /* AppDelegate.swift in Sources */,
			);
			runOnlyForDeploymentPostprocessing = 0;
		};
		30AC0C7A204B78C10030C396 /* Sources */ = {
			isa = PBXSourcesBuildPhase;
			buildActionMask = 2147483647;
			files = (
				30AC0C83204B78C10030C396 /* ShiftTrackerTests.swift in Sources */,
			);
			runOnlyForDeploymentPostprocessing = 0;
		};
/* End PBXSourcesBuildPhase section */

/* Begin PBXTargetDependency section */
		30AC0C80204B78C10030C396 /* PBXTargetDependency */ = {
			isa = PBXTargetDependency;
			target = 30AC0C69204B78C00030C396 /* ShiftTracker */;
			targetProxy = 30AC0C7F204B78C10030C396 /* PBXContainerItemProxy */;
		};
/* End PBXTargetDependency section */

/* Begin PBXVariantGroup section */
		30AC0C71204B78C00030C396 /* Main.storyboard */ = {
			isa = PBXVariantGroup;
			children = (
				30AC0C72204B78C00030C396 /* Base */,
			);
			name = Main.storyboard;
			sourceTree = "<group>";
		};
		30AC0C76204B78C00030C396 /* LaunchScreen.storyboard */ = {
			isa = PBXVariantGroup;
			children = (
				30AC0C77204B78C00030C396 /* Base */,
			);
			name = LaunchScreen.storyboard;
			sourceTree = "<group>";
		};
/* End PBXVariantGroup section */

/* Begin XCBuildConfiguration section */
		30AC0C85204B78C10030C396 /* Debug */ = {
			isa = XCBuildConfiguration;
			buildSettings = {
				ALWAYS_SEARCH_USER_PATHS = NO;
				CLANG_ANALYZER_NONNULL = YES;
				CLANG_ANALYZER_NUMBER_OBJECT_CONVERSION = YES_AGGRESSIVE;
				CLANG_CXX_LANGUAGE_STANDARD = "gnu++14";
				CLANG_CXX_LIBRARY = "libc++";
				CLANG_ENABLE_MODULES = YES;
				CLANG_ENABLE_OBJC_ARC = YES;
				CLANG_WARN_BLOCK_CAPTURE_AUTORELEASING = YES;
				CLANG_WARN_BOOL_CONVERSION = YES;
				CLANG_WARN_COMMA = YES;
				CLANG_WARN_CONSTANT_CONVERSION = YES;
				CLANG_WARN_DIRECT_OBJC_ISA_USAGE = YES_ERROR;
				CLANG_WARN_DOCUMENTATION_COMMENTS = YES;
				CLANG_WARN_EMPTY_BODY = YES;
				CLANG_WARN_ENUM_CONVERSION = YES;
				CLANG_WARN_INFINITE_RECURSION = YES;
				CLANG_WARN_INT_CONVERSION = YES;
				CLANG_WARN_NON_LITERAL_NULL_CONVERSION = YES;
				CLANG_WARN_OBJC_LITERAL_CONVERSION = YES;
				CLANG_WARN_OBJC_ROOT_CLASS = YES_ERROR;
				CLANG_WARN_RANGE_LOOP_ANALYSIS = YES;
				CLANG_WARN_STRICT_PROTOTYPES = YES;
				CLANG_WARN_SUSPICIOUS_MOVE = YES;
				CLANG_WARN_UNGUARDED_AVAILABILITY = YES_AGGRESSIVE;
				CLANG_WARN_UNREACHABLE_CODE = YES;
				CLANG_WARN__DUPLICATE_METHOD_MATCH = YES;
				CODE_SIGN_IDENTITY = "iPhone Developer";
				COPY_PHASE_STRIP = NO;
				DEBUG_INFORMATION_FORMAT = dwarf;
				ENABLE_STRICT_OBJC_MSGSEND = YES;
				ENABLE_TESTABILITY = YES;
				GCC_C_LANGUAGE_STANDARD = gnu11;
				GCC_DYNAMIC_NO_PIC = NO;
				GCC_NO_COMMON_BLOCKS = YES;
				GCC_OPTIMIZATION_LEVEL = 0;
				GCC_PREPROCESSOR_DEFINITIONS = (
					"DEBUG=1",
					"$(inherited)",
				);
				GCC_WARN_64_TO_32_BIT_CONVERSION = YES;
				GCC_WARN_ABOUT_RETURN_TYPE = YES_ERROR;
				GCC_WARN_UNDECLARED_SELECTOR = YES;
				GCC_WARN_UNINITIALIZED_AUTOS = YES_AGGRESSIVE;
				GCC_WARN_UNUSED_FUNCTION = YES;
				GCC_WARN_UNUSED_VARIABLE = YES;
				IPHONEOS_DEPLOYMENT_TARGET = 11.2;
				MTL_ENABLE_DEBUG_INFO = YES;
				ONLY_ACTIVE_ARCH = YES;
				SDKROOT = iphoneos;
				SWIFT_ACTIVE_COMPILATION_CONDITIONS = DEBUG;
				SWIFT_OPTIMIZATION_LEVEL = "-Onone";
			};
			name = Debug;
		};
		30AC0C86204B78C10030C396 /* Release */ = {
			isa = XCBuildConfiguration;
			buildSettings = {
				ALWAYS_SEARCH_USER_PATHS = NO;
				CLANG_ANALYZER_NONNULL = YES;
				CLANG_ANALYZER_NUMBER_OBJECT_CONVERSION = YES_AGGRESSIVE;
				CLANG_CXX_LANGUAGE_STANDARD = "gnu++14";
				CLANG_CXX_LIBRARY = "libc++";
				CLANG_ENABLE_MODULES = YES;
				CLANG_ENABLE_OBJC_ARC = YES;
				CLANG_WARN_BLOCK_CAPTURE_AUTORELEASING = YES;
				CLANG_WARN_BOOL_CONVERSION = YES;
				CLANG_WARN_COMMA = YES;
				CLANG_WARN_CONSTANT_CONVERSION = YES;
				CLANG_WARN_DIRECT_OBJC_ISA_USAGE = YES_ERROR;
				CLANG_WARN_DOCUMENTATION_COMMENTS = YES;
				CLANG_WARN_EMPTY_BODY = YES;
				CLANG_WARN_ENUM_CONVERSION = YES;
				CLANG_WARN_INFINITE_RECURSION = YES;
				CLANG_WARN_INT_CONVERSION = YES;
				CLANG_WARN_NON_LITERAL_NULL_CONVERSION = YES;
				CLANG_WARN_OBJC_LITERAL_CONVERSION = YES;
				CLANG_WARN_OBJC_ROOT_CLASS = YES_ERROR;
				CLANG_WARN_RANGE_LOOP_ANALYSIS = YES;
				CLANG_WARN_STRICT_PROTOTYPES = YES;
				CLANG_WARN_SUSPICIOUS_MOVE = YES;
				CLANG_WARN_UNGUARDED_AVAILABILITY = YES_AGGRESSIVE;
				CLANG_WARN_UNREACHABLE_CODE = YES;
				CLANG_WARN__DUPLICATE_METHOD_MATCH = YES;
				CODE_SIGN_IDENTITY = "iPhone Developer";
				COPY_PHASE_STRIP = NO;
				DEBUG_INFORMATION_FORMAT = "dwarf-with-dsym";
				ENABLE_NS_ASSERTIONS = NO;
				ENABLE_STRICT_OBJC_MSGSEND = YES;
				GCC_C_LANGUAGE_STANDARD = gnu11;
				GCC_NO_COMMON_BLOCKS = YES;
				GCC_WARN_64_TO_32_BIT_CONVERSION = YES;
				GCC_WARN_ABOUT_RETURN_TYPE = YES_ERROR;
				GCC_WARN_UNDECLARED_SELECTOR = YES;
				GCC_WARN_UNINITIALIZED_AUTOS = YES_AGGRESSIVE;
				GCC_WARN_UNUSED_FUNCTION = YES;
				GCC_WARN_UNUSED_VARIABLE = YES;
				IPHONEOS_DEPLOYMENT_TARGET = 11.2;
				MTL_ENABLE_DEBUG_INFO = NO;
				SDKROOT = iphoneos;
				SWIFT_OPTIMIZATION_LEVEL = "-Owholemodule";
				VALIDATE_PRODUCT = YES;
			};
			name = Release;
		};
		30AC0C88204B78C10030C396 /* Debug */ = {
			isa = XCBuildConfiguration;
			baseConfigurationReference = 78B60E56F7E408A17F9152B9 /* Pods-ShiftTracker.debug.xcconfig */;
			buildSettings = {
				ASSETCATALOG_COMPILER_APPICON_NAME = AppIcon;
				CODE_SIGN_STYLE = Automatic;
				INFOPLIST_FILE = ShiftTracker/Info.plist;
				LD_RUNPATH_SEARCH_PATHS = "$(inherited) @executable_path/Frameworks";
				PRODUCT_BUNDLE_IDENTIFIER = com.deputy.ShiftTracker;
				PRODUCT_NAME = "$(TARGET_NAME)";
				SWIFT_VERSION = 4.0;
				TARGETED_DEVICE_FAMILY = "1,2";
			};
			name = Debug;
		};
		30AC0C89204B78C10030C396 /* Release */ = {
			isa = XCBuildConfiguration;
			baseConfigurationReference = AFFB9BAD88A7163F7ED2934A /* Pods-ShiftTracker.release.xcconfig */;
			buildSettings = {
				ASSETCATALOG_COMPILER_APPICON_NAME = AppIcon;
				CODE_SIGN_STYLE = Automatic;
				INFOPLIST_FILE = ShiftTracker/Info.plist;
				LD_RUNPATH_SEARCH_PATHS = "$(inherited) @executable_path/Frameworks";
				PRODUCT_BUNDLE_IDENTIFIER = com.deputy.ShiftTracker;
				PRODUCT_NAME = "$(TARGET_NAME)";
				SWIFT_VERSION = 4.0;
				TARGETED_DEVICE_FAMILY = "1,2";
			};
			name = Release;
		};
		30AC0C8B204B78C10030C396 /* Debug */ = {
			isa = XCBuildConfiguration;
			baseConfigurationReference = 120F166F69CDE012C4446406 /* Pods-ShiftTrackerTests.debug.xcconfig */;
			buildSettings = {
				ALWAYS_EMBED_SWIFT_STANDARD_LIBRARIES = YES;
				BUNDLE_LOADER = "$(TEST_HOST)";
				CODE_SIGN_STYLE = Automatic;
				INFOPLIST_FILE = ShiftTrackerTests/Info.plist;
				LD_RUNPATH_SEARCH_PATHS = "$(inherited) @executable_path/Frameworks @loader_path/Frameworks";
				PRODUCT_BUNDLE_IDENTIFIER = com.deputy.ShiftTrackerTests;
				PRODUCT_NAME = "$(TARGET_NAME)";
				SWIFT_VERSION = 4.0;
				TARGETED_DEVICE_FAMILY = "1,2";
				TEST_HOST = "$(BUILT_PRODUCTS_DIR)/ShiftTracker.app/ShiftTracker";
			};
			name = Debug;
		};
		30AC0C8C204B78C10030C396 /* Release */ = {
			isa = XCBuildConfiguration;
			baseConfigurationReference = BF8989708E77A14C9F0661B5 /* Pods-ShiftTrackerTests.release.xcconfig */;
			buildSettings = {
				ALWAYS_EMBED_SWIFT_STANDARD_LIBRARIES = YES;
				BUNDLE_LOADER = "$(TEST_HOST)";
				CODE_SIGN_STYLE = Automatic;
				INFOPLIST_FILE = ShiftTrackerTests/Info.plist;
				LD_RUNPATH_SEARCH_PATHS = "$(inherited) @executable_path/Frameworks @loader_path/Frameworks";
				PRODUCT_BUNDLE_IDENTIFIER = com.deputy.ShiftTrackerTests;
				PRODUCT_NAME = "$(TARGET_NAME)";
				SWIFT_VERSION = 4.0;
				TARGETED_DEVICE_FAMILY = "1,2";
				TEST_HOST = "$(BUILT_PRODUCTS_DIR)/ShiftTracker.app/ShiftTracker";
			};
			name = Release;
		};
/* End XCBuildConfiguration section */

/* Begin XCConfigurationList section */
		30AC0C65204B78C00030C396 /* Build configuration list for PBXProject "ShiftTracker" */ = {
			isa = XCConfigurationList;
			buildConfigurations = (
				30AC0C85204B78C10030C396 /* Debug */,
				30AC0C86204B78C10030C396 /* Release */,
			);
			defaultConfigurationIsVisible = 0;
			defaultConfigurationName = Release;
		};
		30AC0C87204B78C10030C396 /* Build configuration list for PBXNativeTarget "ShiftTracker" */ = {
			isa = XCConfigurationList;
			buildConfigurations = (
				30AC0C88204B78C10030C396 /* Debug */,
				30AC0C89204B78C10030C396 /* Release */,
			);
			defaultConfigurationIsVisible = 0;
			defaultConfigurationName = Release;
		};
		30AC0C8A204B78C10030C396 /* Build configuration list for PBXNativeTarget "ShiftTrackerTests" */ = {
			isa = XCConfigurationList;
			buildConfigurations = (
				30AC0C8B204B78C10030C396 /* Debug */,
				30AC0C8C204B78C10030C396 /* Release */,
			);
			defaultConfigurationIsVisible = 0;
			defaultConfigurationName = Release;
		};
/* End XCConfigurationList section */
	};
	rootObject = 30AC0C62204B78C00030C396 /* Project object */;
}
